// !$*UTF8*$!
{
	archiveVersion = 1;
	classes = {
	};
	objectVersion = 46;
	objects = {

/* Begin PBXBuildFile section */
		7D93C6B5CCD5109D81DE8BC0 /* libPods.a in Frameworks */ = {isa = PBXBuildFile; fileRef = 6B82BDE88D076759C1ACE4BE /* libPods.a */; };
		A1FB1C831A94973D00ACE078 /* AppDelegate.swift in Sources */ = {isa = PBXBuildFile; fileRef = A1FB1C821A94973D00ACE078 /* AppDelegate.swift */; };
		A1FB1C851A94973D00ACE078 /* ViewController.swift in Sources */ = {isa = PBXBuildFile; fileRef = A1FB1C841A94973D00ACE078 /* ViewController.swift */; };
		A1FB1C881A94973D00ACE078 /* Main.storyboard in Resources */ = {isa = PBXBuildFile; fileRef = A1FB1C861A94973D00ACE078 /* Main.storyboard */; };
		A1FB1C8A1A94973D00ACE078 /* Images.xcassets in Resources */ = {isa = PBXBuildFile; fileRef = A1FB1C891A94973D00ACE078 /* Images.xcassets */; };
		A1FB1C8D1A94973D00ACE078 /* LaunchScreen.xib in Resources */ = {isa = PBXBuildFile; fileRef = A1FB1C8B1A94973D00ACE078 /* LaunchScreen.xib */; };
		A1FB1CA41A94A39100ACE078 /* ContentfulDataManager.swift in Sources */ = {isa = PBXBuildFile; fileRef = A1FB1CA31A94A39100ACE078 /* ContentfulDataManager.swift */; };
		A1FB1CA81A94A60500ACE078 /* ContentfuleroFacts.xcdatamodeld in Sources */ = {isa = PBXBuildFile; fileRef = A1FB1CA61A94A60500ACE078 /* ContentfuleroFacts.xcdatamodeld */; };
		A1FB1CAA1A94C9B600ACE078 /* SyncInfo.swift in Sources */ = {isa = PBXBuildFile; fileRef = A1FB1CA91A94C9B600ACE078 /* SyncInfo.swift */; };
		A1FB1CAC1A94C9B700ACE078 /* Beacon.swift in Sources */ = {isa = PBXBuildFile; fileRef = A1FB1CAB1A94C9B700ACE078 /* Beacon.swift */; };
		A1FB1CAE1A94C9B700ACE078 /* Asset.swift in Sources */ = {isa = PBXBuildFile; fileRef = A1FB1CAD1A94C9B700ACE078 /* Asset.swift */; };
		A1FB1CB01A94C9B700ACE078 /* Fact.swift in Sources */ = {isa = PBXBuildFile; fileRef = A1FB1CAF1A94C9B700ACE078 /* Fact.swift */; };
		A1FB1CB21A94CCF400ACE078 /* Hack.c in Sources */ = {isa = PBXBuildFile; fileRef = A1FB1CB11A94CCF400ACE078 /* Hack.c */; };
		A1FB1CB51A94ED8E00ACE078 /* logo.png in Resources */ = {isa = PBXBuildFile; fileRef = A1FB1CB31A94ED8E00ACE078 /* logo.png */; };
		A1FB1CB61A94ED8E00ACE078 /* logo@2x.png in Resources */ = {isa = PBXBuildFile; fileRef = A1FB1CB41A94ED8E00ACE078 /* logo@2x.png */; };
/* End PBXBuildFile section */

/* Begin PBXFileReference section */
		09DBAEB61F76E5D0C7E310D0 /* libPods-ContentfuleroFacts.a */ = {isa = PBXFileReference; explicitFileType = archive.ar; includeInIndex = 0; path = "libPods-ContentfuleroFacts.a"; sourceTree = BUILT_PRODUCTS_DIR; };
		59C379E4E5822554670CC9A6 /* Pods.debug.xcconfig */ = {isa = PBXFileReference; includeInIndex = 1; lastKnownFileType = text.xcconfig; name = Pods.debug.xcconfig; path = "Pods/Target Support Files/Pods/Pods.debug.xcconfig"; sourceTree = "<group>"; };
		6B82BDE88D076759C1ACE4BE /* libPods.a */ = {isa = PBXFileReference; explicitFileType = archive.ar; includeInIndex = 0; path = libPods.a; sourceTree = BUILT_PRODUCTS_DIR; };
		A1FB1C7D1A94973D00ACE078 /* ContentfuleroFacts.app */ = {isa = PBXFileReference; explicitFileType = wrapper.application; includeInIndex = 0; path = ContentfuleroFacts.app; sourceTree = BUILT_PRODUCTS_DIR; };
		A1FB1C811A94973D00ACE078 /* Info.plist */ = {isa = PBXFileReference; lastKnownFileType = text.plist.xml; path = Info.plist; sourceTree = "<group>"; };
		A1FB1C821A94973D00ACE078 /* AppDelegate.swift */ = {isa = PBXFileReference; lastKnownFileType = sourcecode.swift; path = AppDelegate.swift; sourceTree = "<group>"; };
		A1FB1C841A94973D00ACE078 /* ViewController.swift */ = {isa = PBXFileReference; lastKnownFileType = sourcecode.swift; path = ViewController.swift; sourceTree = "<group>"; };
		A1FB1C871A94973D00ACE078 /* Base */ = {isa = PBXFileReference; lastKnownFileType = file.storyboard; name = Base; path = Base.lproj/Main.storyboard; sourceTree = "<group>"; };
		A1FB1C891A94973D00ACE078 /* Images.xcassets */ = {isa = PBXFileReference; lastKnownFileType = folder.assetcatalog; path = Images.xcassets; sourceTree = "<group>"; };
		A1FB1C8C1A94973D00ACE078 /* Base */ = {isa = PBXFileReference; lastKnownFileType = file.xib; name = Base; path = Base.lproj/LaunchScreen.xib; sourceTree = "<group>"; };
		A1FB1CA31A94A39100ACE078 /* ContentfulDataManager.swift */ = {isa = PBXFileReference; fileEncoding = 4; lastKnownFileType = sourcecode.swift; path = ContentfulDataManager.swift; sourceTree = "<group>"; };
		A1FB1CA51A94A4B000ACE078 /* BridgingHeader.h */ = {isa = PBXFileReference; lastKnownFileType = sourcecode.c.h; path = BridgingHeader.h; sourceTree = "<group>"; };
		A1FB1CA71A94A60500ACE078 /* ContentfuleroFacts.xcdatamodel */ = {isa = PBXFileReference; lastKnownFileType = wrapper.xcdatamodel; path = ContentfuleroFacts.xcdatamodel; sourceTree = "<group>"; };
		A1FB1CA91A94C9B600ACE078 /* SyncInfo.swift */ = {isa = PBXFileReference; fileEncoding = 4; lastKnownFileType = sourcecode.swift; path = SyncInfo.swift; sourceTree = "<group>"; };
		A1FB1CAB1A94C9B700ACE078 /* Beacon.swift */ = {isa = PBXFileReference; fileEncoding = 4; lastKnownFileType = sourcecode.swift; path = Beacon.swift; sourceTree = "<group>"; };
		A1FB1CAD1A94C9B700ACE078 /* Asset.swift */ = {isa = PBXFileReference; fileEncoding = 4; lastKnownFileType = sourcecode.swift; path = Asset.swift; sourceTree = "<group>"; };
		A1FB1CAF1A94C9B700ACE078 /* Fact.swift */ = {isa = PBXFileReference; fileEncoding = 4; lastKnownFileType = sourcecode.swift; path = Fact.swift; sourceTree = "<group>"; };
		A1FB1CB11A94CCF400ACE078 /* Hack.c */ = {isa = PBXFileReference; fileEncoding = 4; lastKnownFileType = sourcecode.c.c; name = Hack.c; path = Code/Hack.c; sourceTree = SOURCE_ROOT; };
		A1FB1CB31A94ED8E00ACE078 /* logo.png */ = {isa = PBXFileReference; lastKnownFileType = image.png; path = logo.png; sourceTree = "<group>"; };
		A1FB1CB41A94ED8E00ACE078 /* logo@2x.png */ = {isa = PBXFileReference; lastKnownFileType = image.png; path = "logo@2x.png"; sourceTree = "<group>"; };
		D3DEABB8144E77576A517C66 /* Pods.release.xcconfig */ = {isa = PBXFileReference; includeInIndex = 1; lastKnownFileType = text.xcconfig; name = Pods.release.xcconfig; path = "Pods/Target Support Files/Pods/Pods.release.xcconfig"; sourceTree = "<group>"; };
/* End PBXFileReference section */

/* Begin PBXFrameworksBuildPhase section */
		A1FB1C7A1A94973D00ACE078 /* Frameworks */ = {
			isa = PBXFrameworksBuildPhase;
			buildActionMask = 2147483647;
			files = (
				7D93C6B5CCD5109D81DE8BC0 /* libPods.a in Frameworks */,
			);
			runOnlyForDeploymentPostprocessing = 0;
		};
/* End PBXFrameworksBuildPhase section */

/* Begin PBXGroup section */
		445BEEFC13B63FBE1B30A2B4 /* Pods */ = {
			isa = PBXGroup;
			children = (
				59C379E4E5822554670CC9A6 /* Pods.debug.xcconfig */,
				D3DEABB8144E77576A517C66 /* Pods.release.xcconfig */,
			);
			name = Pods;
			sourceTree = "<group>";
		};
		8BE406BD806147637B1A4A37 /* Frameworks */ = {
			isa = PBXGroup;
			children = (
				6B82BDE88D076759C1ACE4BE /* libPods.a */,
				09DBAEB61F76E5D0C7E310D0 /* libPods-ContentfuleroFacts.a */,
			);
			name = Frameworks;
			sourceTree = "<group>";
		};
		A1FB1C741A94973D00ACE078 = {
			isa = PBXGroup;
			children = (
				A1FB1C7F1A94973D00ACE078 /* Code */,
				8BE406BD806147637B1A4A37 /* Frameworks */,
				445BEEFC13B63FBE1B30A2B4 /* Pods */,
				A1FB1C7E1A94973D00ACE078 /* Products */,
				A1FB1CA21A94974F00ACE078 /* Resources */,
				A1FB1C801A94973D00ACE078 /* Supporting Files */,
			);
			sourceTree = "<group>";
		};
		A1FB1C7E1A94973D00ACE078 /* Products */ = {
			isa = PBXGroup;
			children = (
				A1FB1C7D1A94973D00ACE078 /* ContentfuleroFacts.app */,
			);
			name = Products;
			sourceTree = "<group>";
		};
		A1FB1C7F1A94973D00ACE078 /* Code */ = {
			isa = PBXGroup;
			children = (
				A1FB1C821A94973D00ACE078 /* AppDelegate.swift */,
				A1FB1CAD1A94C9B700ACE078 /* Asset.swift */,
				A1FB1CAB1A94C9B700ACE078 /* Beacon.swift */,
				A1FB1CA31A94A39100ACE078 /* ContentfulDataManager.swift */,
				A1FB1CAF1A94C9B700ACE078 /* Fact.swift */,
				A1FB1CA91A94C9B600ACE078 /* SyncInfo.swift */,
				A1FB1C841A94973D00ACE078 /* ViewController.swift */,
			);
			path = Code;
			sourceTree = "<group>";
		};
		A1FB1C801A94973D00ACE078 /* Supporting Files */ = {
			isa = PBXGroup;
			children = (
				A1FB1CA51A94A4B000ACE078 /* BridgingHeader.h */,
				A1FB1CB11A94CCF400ACE078 /* Hack.c */,
				A1FB1C811A94973D00ACE078 /* Info.plist */,
			);
			path = "Supporting Files";
			sourceTree = "<group>";
		};
		A1FB1CA21A94974F00ACE078 /* Resources */ = {
			isa = PBXGroup;
			children = (
				A1FB1CA61A94A60500ACE078 /* ContentfuleroFacts.xcdatamodeld */,
				A1FB1C891A94973D00ACE078 /* Images.xcassets */,
				A1FB1C8B1A94973D00ACE078 /* LaunchScreen.xib */,
				A1FB1CB31A94ED8E00ACE078 /* logo.png */,
				A1FB1CB41A94ED8E00ACE078 /* logo@2x.png */,
				A1FB1C861A94973D00ACE078 /* Main.storyboard */,
			);
			path = Resources;
			sourceTree = "<group>";
		};
/* End PBXGroup section */

/* Begin PBXNativeTarget section */
		A1FB1C7C1A94973D00ACE078 /* ContentfuleroFacts */ = {
			isa = PBXNativeTarget;
			buildConfigurationList = A1FB1C9C1A94973D00ACE078 /* Build configuration list for PBXNativeTarget "ContentfuleroFacts" */;
			buildPhases = (
				1E0C5288D8AA5E318F1E2527 /* Check Pods Manifest.lock */,
				A1FB1C791A94973D00ACE078 /* Sources */,
				A1FB1C7A1A94973D00ACE078 /* Frameworks */,
				A1FB1C7B1A94973D00ACE078 /* Resources */,
				10A515EAC84E5E7A7F8737C4 /* Copy Pods Resources */,
			);
			buildRules = (
			);
			dependencies = (
			);
			name = ContentfuleroFacts;
			productName = ContentfuleroFacts;
			productReference = A1FB1C7D1A94973D00ACE078 /* ContentfuleroFacts.app */;
			productType = "com.apple.product-type.application";
		};
/* End PBXNativeTarget section */

/* Begin PBXProject section */
		A1FB1C751A94973D00ACE078 /* Project object */ = {
			isa = PBXProject;
			attributes = {
				LastUpgradeCheck = 0610;
				ORGANIZATIONNAME = "Contentful GmbH";
				TargetAttributes = {
					A1FB1C7C1A94973D00ACE078 = {
						CreatedOnToolsVersion = 6.1.1;
					};
				};
			};
			buildConfigurationList = A1FB1C781A94973D00ACE078 /* Build configuration list for PBXProject "ContentfuleroFacts" */;
			compatibilityVersion = "Xcode 3.2";
			developmentRegion = English;
			hasScannedForEncodings = 0;
			knownRegions = (
				en,
				Base,
			);
			mainGroup = A1FB1C741A94973D00ACE078;
			productRefGroup = A1FB1C7E1A94973D00ACE078 /* Products */;
			projectDirPath = "";
			projectRoot = "";
			targets = (
				A1FB1C7C1A94973D00ACE078 /* ContentfuleroFacts */,
			);
		};
/* End PBXProject section */

/* Begin PBXResourcesBuildPhase section */
		A1FB1C7B1A94973D00ACE078 /* Resources */ = {
			isa = PBXResourcesBuildPhase;
			buildActionMask = 2147483647;
			files = (
				A1FB1CB61A94ED8E00ACE078 /* logo@2x.png in Resources */,
				A1FB1CB51A94ED8E00ACE078 /* logo.png in Resources */,
				A1FB1C881A94973D00ACE078 /* Main.storyboard in Resources */,
				A1FB1C8D1A94973D00ACE078 /* LaunchScreen.xib in Resources */,
				A1FB1C8A1A94973D00ACE078 /* Images.xcassets in Resources */,
			);
			runOnlyForDeploymentPostprocessing = 0;
		};
/* End PBXResourcesBuildPhase section */

/* Begin PBXShellScriptBuildPhase section */
		10A515EAC84E5E7A7F8737C4 /* Copy Pods Resources */ = {
			isa = PBXShellScriptBuildPhase;
			buildActionMask = 2147483647;
			files = (
			);
			inputPaths = (
			);
			name = "Copy Pods Resources";
			outputPaths = (
			);
			runOnlyForDeploymentPostprocessing = 0;
			shellPath = /bin/sh;
			shellScript = "\"${SRCROOT}/Pods/Target Support Files/Pods/Pods-resources.sh\"\n";
			showEnvVarsInLog = 0;
		};
		1E0C5288D8AA5E318F1E2527 /* Check Pods Manifest.lock */ = {
			isa = PBXShellScriptBuildPhase;
			buildActionMask = 2147483647;
			files = (
			);
			inputPaths = (
			);
			name = "Check Pods Manifest.lock";
			outputPaths = (
			);
			runOnlyForDeploymentPostprocessing = 0;
			shellPath = /bin/sh;
			shellScript = "diff \"${PODS_ROOT}/../Podfile.lock\" \"${PODS_ROOT}/Manifest.lock\" > /dev/null\nif [[ $? != 0 ]] ; then\n    cat << EOM\nerror: The sandbox is not in sync with the Podfile.lock. Run 'pod install' or update your CocoaPods installation.\nEOM\n    exit 1\nfi\n";
			showEnvVarsInLog = 0;
		};
/* End PBXShellScriptBuildPhase section */

/* Begin PBXSourcesBuildPhase section */
		A1FB1C791A94973D00ACE078 /* Sources */ = {
			isa = PBXSourcesBuildPhase;
			buildActionMask = 2147483647;
			files = (
				A1FB1C851A94973D00ACE078 /* ViewController.swift in Sources */,
				A1FB1CAE1A94C9B700ACE078 /* Asset.swift in Sources */,
				A1FB1CAA1A94C9B600ACE078 /* SyncInfo.swift in Sources */,
				A1FB1CB01A94C9B700ACE078 /* Fact.swift in Sources */,
				A1FB1CA41A94A39100ACE078 /* ContentfulDataManager.swift in Sources */,
				A1FB1C831A94973D00ACE078 /* AppDelegate.swift in Sources */,
				A1FB1CA81A94A60500ACE078 /* ContentfuleroFacts.xcdatamodeld in Sources */,
				A1FB1CB21A94CCF400ACE078 /* Hack.c in Sources */,
				A1FB1CAC1A94C9B700ACE078 /* Beacon.swift in Sources */,
			);
			runOnlyForDeploymentPostprocessing = 0;
		};
/* End PBXSourcesBuildPhase section */

/* Begin PBXVariantGroup section */
		A1FB1C861A94973D00ACE078 /* Main.storyboard */ = {
			isa = PBXVariantGroup;
			children = (
				A1FB1C871A94973D00ACE078 /* Base */,
			);
			name = Main.storyboard;
			path = .;
			sourceTree = "<group>";
		};
		A1FB1C8B1A94973D00ACE078 /* LaunchScreen.xib */ = {
			isa = PBXVariantGroup;
			children = (
				A1FB1C8C1A94973D00ACE078 /* Base */,
			);
			name = LaunchScreen.xib;
			path = .;
			sourceTree = "<group>";
		};
/* End PBXVariantGroup section */

/* Begin XCBuildConfiguration section */
		A1FB1C9A1A94973D00ACE078 /* Debug */ = {
			isa = XCBuildConfiguration;
			buildSettings = {
				ALWAYS_SEARCH_USER_PATHS = NO;
				CLANG_CXX_LANGUAGE_STANDARD = "gnu++0x";
				CLANG_CXX_LIBRARY = "libc++";
				CLANG_ENABLE_MODULES = YES;
				CLANG_ENABLE_OBJC_ARC = YES;
				CLANG_WARN_BOOL_CONVERSION = YES;
				CLANG_WARN_CONSTANT_CONVERSION = YES;
				CLANG_WARN_DIRECT_OBJC_ISA_USAGE = YES_ERROR;
				CLANG_WARN_EMPTY_BODY = YES;
				CLANG_WARN_ENUM_CONVERSION = YES;
				CLANG_WARN_INT_CONVERSION = YES;
				CLANG_WARN_OBJC_ROOT_CLASS = YES_ERROR;
				CLANG_WARN_UNREACHABLE_CODE = YES;
				CLANG_WARN__DUPLICATE_METHOD_MATCH = YES;
				"CODE_SIGN_IDENTITY[sdk=iphoneos*]" = "iPhone Developer";
				COPY_PHASE_STRIP = NO;
				ENABLE_STRICT_OBJC_MSGSEND = YES;
				GCC_C_LANGUAGE_STANDARD = gnu99;
				GCC_DYNAMIC_NO_PIC = NO;
				GCC_OPTIMIZATION_LEVEL = 0;
				GCC_PREPROCESSOR_DEFINITIONS = (
					"DEBUG=1",
					"$(inherited)",
				);
				GCC_SYMBOLS_PRIVATE_EXTERN = NO;
				GCC_WARN_64_TO_32_BIT_CONVERSION = YES;
				GCC_WARN_ABOUT_RETURN_TYPE = YES_ERROR;
				GCC_WARN_UNDECLARED_SELECTOR = YES;
				GCC_WARN_UNINITIALIZED_AUTOS = YES_AGGRESSIVE;
				GCC_WARN_UNUSED_FUNCTION = YES;
				GCC_WARN_UNUSED_VARIABLE = YES;
				IPHONEOS_DEPLOYMENT_TARGET = 8.1;
				MTL_ENABLE_DEBUG_INFO = YES;
				ONLY_ACTIVE_ARCH = YES;
				SDKROOT = iphoneos;
				SWIFT_OPTIMIZATION_LEVEL = "-Onone";
			};
			name = Debug;
		};
		A1FB1C9B1A94973D00ACE078 /* Release */ = {
			isa = XCBuildConfiguration;
			buildSettings = {
				ALWAYS_SEARCH_USER_PATHS = NO;
				CLANG_CXX_LANGUAGE_STANDARD = "gnu++0x";
				CLANG_CXX_LIBRARY = "libc++";
				CLANG_ENABLE_MODULES = YES;
				CLANG_ENABLE_OBJC_ARC = YES;
				CLANG_WARN_BOOL_CONVERSION = YES;
				CLANG_WARN_CONSTANT_CONVERSION = YES;
				CLANG_WARN_DIRECT_OBJC_ISA_USAGE = YES_ERROR;
				CLANG_WARN_EMPTY_BODY = YES;
				CLANG_WARN_ENUM_CONVERSION = YES;
				CLANG_WARN_INT_CONVERSION = YES;
				CLANG_WARN_OBJC_ROOT_CLASS = YES_ERROR;
				CLANG_WARN_UNREACHABLE_CODE = YES;
				CLANG_WARN__DUPLICATE_METHOD_MATCH = YES;
				"CODE_SIGN_IDENTITY[sdk=iphoneos*]" = "iPhone Developer";
				COPY_PHASE_STRIP = YES;
				ENABLE_NS_ASSERTIONS = NO;
				ENABLE_STRICT_OBJC_MSGSEND = YES;
				GCC_C_LANGUAGE_STANDARD = gnu99;
				GCC_WARN_64_TO_32_BIT_CONVERSION = YES;
				GCC_WARN_ABOUT_RETURN_TYPE = YES_ERROR;
				GCC_WARN_UNDECLARED_SELECTOR = YES;
				GCC_WARN_UNINITIALIZED_AUTOS = YES_AGGRESSIVE;
				GCC_WARN_UNUSED_FUNCTION = YES;
				GCC_WARN_UNUSED_VARIABLE = YES;
				IPHONEOS_DEPLOYMENT_TARGET = 8.1;
				MTL_ENABLE_DEBUG_INFO = NO;
				SDKROOT = iphoneos;
				VALIDATE_PRODUCT = YES;
			};
			name = Release;
		};
		A1FB1C9D1A94973D00ACE078 /* Debug */ = {
			isa = XCBuildConfiguration;
			baseConfigurationReference = 59C379E4E5822554670CC9A6 /* Pods.debug.xcconfig */;
			buildSettings = {
				ASSETCATALOG_COMPILER_APPICON_NAME = AppIcon;
				INFOPLIST_FILE = "Supporting Files/Info.plist";
				LD_RUNPATH_SEARCH_PATHS = "$(inherited) @executable_path/Frameworks";
				PRODUCT_NAME = "$(TARGET_NAME)";
				SWIFT_OBJC_BRIDGING_HEADER = "Supporting Files/BridgingHeader.h";
			};
			name = Debug;
		};
		A1FB1C9E1A94973D00ACE078 /* Release */ = {
			isa = XCBuildConfiguration;
			baseConfigurationReference = D3DEABB8144E77576A517C66 /* Pods.release.xcconfig */;
			buildSettings = {
				ASSETCATALOG_COMPILER_APPICON_NAME = AppIcon;
				INFOPLIST_FILE = "Supporting Files/Info.plist";
				LD_RUNPATH_SEARCH_PATHS = "$(inherited) @executable_path/Frameworks";
				PRODUCT_NAME = "$(TARGET_NAME)";
				SWIFT_OBJC_BRIDGING_HEADER = "Supporting Files/BridgingHeader.h";
			};
			name = Release;
		};
/* End XCBuildConfiguration section */

/* Begin XCConfigurationList section */
		A1FB1C781A94973D00ACE078 /* Build configuration list for PBXProject "ContentfuleroFacts" */ = {
			isa = XCConfigurationList;
			buildConfigurations = (
				A1FB1C9A1A94973D00ACE078 /* Debug */,
				A1FB1C9B1A94973D00ACE078 /* Release */,
			);
			defaultConfigurationIsVisible = 0;
			defaultConfigurationName = Release;
		};
		A1FB1C9C1A94973D00ACE078 /* Build configuration list for PBXNativeTarget "ContentfuleroFacts" */ = {
			isa = XCConfigurationList;
			buildConfigurations = (
				A1FB1C9D1A94973D00ACE078 /* Debug */,
				A1FB1C9E1A94973D00ACE078 /* Release */,
			);
			defaultConfigurationIsVisible = 0;
			defaultConfigurationName = Release;
		};
/* End XCConfigurationList section */

/* Begin XCVersionGroup section */
		A1FB1CA61A94A60500ACE078 /* ContentfuleroFacts.xcdatamodeld */ = {
			isa = XCVersionGroup;
			children = (
				A1FB1CA71A94A60500ACE078 /* ContentfuleroFacts.xcdatamodel */,
			);
			currentVersion = A1FB1CA71A94A60500ACE078 /* ContentfuleroFacts.xcdatamodel */;
			name = ContentfuleroFacts.xcdatamodeld;
			path = ../ContentfuleroFacts.xcdatamodeld;
			sourceTree = "<group>";
			versionGroupType = wrapper.xcdatamodel;
		};
/* End XCVersionGroup section */
	};
	rootObject = A1FB1C751A94973D00ACE078 /* Project object */;
}
